# THIS IS AN AUTOGENERATED FILE. DO NOT EDIT THIS FILE DIRECTLY.
# yarn lockfile v1


"@types/wechat-miniprogram@^3.4.0":
  version "3.4.3"
  resolved "https://registry.yarnpkg.com/@types/wechat-miniprogram/-/wechat-miniprogram-3.4.3.tgz#2c3d4f823c3ec4ee6443eb3941be038a340e0119"
  integrity sha512-u6uhAjJxUdMX4aEu3EgDWVhYsNLEhfbJUC7qQOoYE5pDGm+Y+6mtG78CtXeH1aYHuQMHIKa0twzg/1OeBpKOTA==

"@vant/weapp@^1.10.25":
  version "1.10.25"
  resolved "https://registry.yarnpkg.com/@vant/weapp/-/weapp-1.10.25.tgz#406f4bd4845ae0463dff73b4a029859de1bee9fd"
  integrity sha512-UGtEZdyaYNDfZ2GJ4qHU1ch23s2iYaPhxd+kx/baPvtPOlIllCLw0yk5v+4mMG6ZyMmIZCQd3nbLIEwDezLWYA==

mobx-miniprogram-bindings@^2.1.5:
  version "2.1.5"
  resolved "https://registry.yarnpkg.com/mobx-miniprogram-bindings/-/mobx-miniprogram-bindings-2.1.5.tgz#148a9e9bb47b7ef2b4bdc3786dff57666e33a2eb"
  integrity sha512-2HuiQL5FPgoYJ8XIMdw5iD6XT61LtsujaGyizbN845iZcsLmrKZiF0dKd4jQTSuC/6rGozqqhcy0sDc7qcpjYQ==
  dependencies:
    "@types/wechat-miniprogram" "^3.4.0"

mobx-miniprogram@^4.13.2:
  version "4.13.2"
  resolved "https://registry.yarnpkg.com/mobx-miniprogram/-/mobx-miniprogram-4.13.2.tgz#b72c03fd5ad1f1b9022c422f9c88a47d1e5f8868"
  integrity sha512-C3HtkqHCLKp35N2gXA80yFD6PNfSqwioPFmnjTQpBLrEqYm1F6yiWZ57CW+8FqgmR306mw6ZfsM5q7hSTHw8BQ==
